
Microsoft Visual Studio Solution File, Format Version 12.00
# Visual Studio Version 16
VisualStudioVersion = 16.0.30523.141
MinimumVisualStudioVersion = 10.0.40219.1
Project("{FAE04EC0-301F-11D3-BF4B-00C04F79EFBC}") = "webApp", "webApp.csproj", "{3B74AAAA-4CC1-40A8-AAD3-A6DC0394DD9F}"
EndProject
Global
	GlobalSection(SolutionConfigurationPlatforms) = preSolution
		Debug|Any CPU = Debug|Any CPU
		Release|Any CPU = Release|Any CPU
	EndGlobalSection
	GlobalSection(ProjectConfigurationPlatforms) = postSolution
		{3B74AAAA-4CC1-40A8-AAD3-A6DC0394DD9F}.Debug|Any CPU.ActiveCfg = Debug|Any CPU
		{3B74AAAA-4CC1-40A8-AAD3-A6DC0394DD9F}.Debug|Any CPU.Build.0 = Debug|Any CPU
		{3B74AAAA-4CC1-40A8-AAD3-A6DC0394DD9F}.Release|Any CPU.ActiveCfg = Release|Any CPU
		{3B74AAAA-4CC1-40A8-AAD3-A6DC0394DD9F}.Release|Any CPU.Build.0 = Release|Any CPU
	EndGlobalSection
	GlobalSection(SolutionProperties) = preSolution
		HideSolutionNode = FALSE
	EndGlobalSection
	GlobalSection(ExtensibilityGlobals) = postSolution
		SolutionGuid = {080CE46A-8DAB-4DF0-BD23-73F743BDDE98}
	EndGlobalSection
EndGlobal
